dependencies:
- name: helm-product
  repository: oci://ghcr.io/onecx/charts
  version: 0.4.0
- name: onecx-data-orchestrator-operator
  repository: oci://ghcr.io/onecx/charts
  version: 1.10.0-rc.18
- name: onecx-data-orchestrator-bff
  repository: oci://ghcr.io/onecx/charts
  version: 1.8.0-rc.18
- name: onecx-data-orchestrator-ui
  repository: oci://ghcr.io/onecx/charts
  version: 1.6.0-rc.14
digest: sha256:acabc58a3ff832ffff0cd2f24a78f39720c25846a356fb23457d56385368180d
generated: "2026-05-05T04:19:05.707439459Z"
