dependencies:
- name: helm-product
  repository: oci://ghcr.io/onecx/charts
  version: 0.2.0
- name: onecx-data-orchestrator-operator
  repository: oci://ghcr.io/onecx/charts
  version: 1.3.0-rc.1
- name: onecx-data-orchestrator-bff
  repository: oci://ghcr.io/onecx/charts
  version: 1.0.0
- name: onecx-data-orchestrator-ui
  repository: oci://ghcr.io/onecx/charts
  version: 1.0.0
digest: sha256:9e00586cdc571818e0e3517611443c731124f8353c0e43811554845977d23207
generated: "2025-01-17T09:05:09.906252672Z"
