dependencies:
- name: helm-product
  repository: oci://ghcr.io/onecx/charts
  version: 0.4.0
- name: onecx-data-orchestrator-operator
  repository: oci://ghcr.io/onecx/charts
  version: 1.11.0-rc.19
- name: onecx-data-orchestrator-bff
  repository: oci://ghcr.io/onecx/charts
  version: 1.9.0-rc.18
- name: onecx-data-orchestrator-ui
  repository: oci://ghcr.io/onecx/charts
  version: 1.7.0-rc.28
digest: sha256:cd4ceed77babc067cef5491d3d320f8e7d04c86141ecf232bf0af23d9a2402e2
generated: "2026-09-01T20:31:57.751813111Z"
